
Microsoft Visual Studio Solution File, Format Version 12.00
# Visual Studio Version 17
VisualStudioVersion = 17.0.31903.59
MinimumVisualStudioVersion = 10.0.40219.1
Project("{2150E333-8FDC-42A3-9474-1A3956D46DE8}") = "src", "src", "{827E0CD3-B72D-47B6-A68D-7590B98EB39B}"
EndProject
Project("{2150E333-8FDC-42A3-9474-1A3956D46DE8}") = "Services", "Services", "{984BB9B3-3FA3-BE33-9484-CAC21695A33C}"
EndProject
Project("{FAE04EC0-301F-11D3-BF4B-00C04F79EFBC}") = "DonationService", "src\Services\DonationService\DonationService.csproj", "{2C114196-E099-4FB5-A252-31082B134E16}"
EndProject
Project("{FAE04EC0-301F-11D3-BF4B-00C04F79EFBC}") = "CampaignService", "src\Services\CampaignService\CampaignService.csproj", "{3D225297-F100-41B5-A353-42182C154F26}"
EndProject
Project("{FAE04EC0-301F-11D3-BF4B-00C04F79EFBC}") = "PaymentService", "src\Services\PaymentService\PaymentService.csproj", "{276C4E71-415C-43D3-9742-A3174A3D6308}"
EndProject
Project("{FAE04EC0-301F-11D3-BF4B-00C04F79EFBC}") = "AuthService", "src\Services\AuthService\AuthService.csproj", "{8A5D1F1A-2B3C-4D5E-6F7A-8B9C0D1E2F3A}"
EndProject
Project("{FAE04EC0-301F-11D3-BF4B-00C04F79EFBC}") = "DonorService", "src\Services\DonorService\DonorService.csproj", "{9B6E2F3A-4C5D-6E7F-8A9B-0C1D2E3F4A5B}"
EndProject
Project("{FAE04EC0-301F-11D3-BF4B-00C04F79EFBC}") = "ApiGateway", "src\ApiGateway\ApiGateway\ApiGateway.csproj", "{A1B2C3D4-E5F6-7890-ABCD-EF1234567890}"
EndProject
Global
	GlobalSection(SolutionConfigurationPlatforms) = preSolution
		Debug|Any CPU = Debug|Any CPU
		Debug|x64 = Debug|x64
		Debug|x86 = Debug|x86
		Release|Any CPU = Release|Any CPU
		Release|x64 = Release|x64
		Release|x86 = Release|x86
	EndGlobalSection
	GlobalSection(ProjectConfigurationPlatforms) = postSolution
		{2C114196-E099-4FB5-A252-31082B134E16}.Debug|Any CPU.ActiveCfg = Debug|Any CPU
		{2C114196-E099-4FB5-A252-31082B134E16}.Debug|Any CPU.Build.0 = Debug|Any CPU
		{2C114196-E099-4FB5-A252-31082B134E16}.Debug|x64.ActiveCfg = Debug|Any CPU
		{2C114196-E099-4FB5-A252-31082B134E16}.Debug|x64.Build.0 = Debug|Any CPU
		{2C114196-E099-4FB5-A252-31082B134E16}.Debug|x86.ActiveCfg = Debug|Any CPU
		{2C114196-E099-4FB5-A252-31082B134E16}.Debug|x86.Build.0 = Debug|Any CPU
		{2C114196-E099-4FB5-A252-31082B134E16}.Release|Any CPU.ActiveCfg = Release|Any CPU
		{2C114196-E099-4FB5-A252-31082B134E16}.Release|Any CPU.Build.0 = Release|Any CPU
		{2C114196-E099-4FB5-A252-31082B134E16}.Release|x64.ActiveCfg = Release|Any CPU
		{2C114196-E099-4FB5-A252-31082B134E16}.Release|x64.Build.0 = Release|Any CPU
		{2C114196-E099-4FB5-A252-31082B134E16}.Release|x86.ActiveCfg = Release|Any CPU
		{2C114196-E099-4FB5-A252-31082B134E16}.Release|x86.Build.0 = Release|Any CPU
		{3D225297-F100-41B5-A353-42182C154F26}.Debug|Any CPU.ActiveCfg = Debug|Any CPU
		{3D225297-F100-41B5-A353-42182C154F26}.Debug|Any CPU.Build.0 = Debug|Any CPU
		{3D225297-F100-41B5-A353-42182C154F26}.Debug|x64.ActiveCfg = Debug|Any CPU
		{3D225297-F100-41B5-A353-42182C154F26}.Debug|x64.Build.0 = Debug|Any CPU
		{3D225297-F100-41B5-A353-42182C154F26}.Debug|x86.ActiveCfg = Debug|Any CPU
		{3D225297-F100-41B5-A353-42182C154F26}.Debug|x86.Build.0 = Debug|Any CPU
		{3D225297-F100-41B5-A353-42182C154F26}.Release|Any CPU.ActiveCfg = Release|Any CPU
		{3D225297-F100-41B5-A353-42182C154F26}.Release|Any CPU.Build.0 = Release|Any CPU
		{3D225297-F100-41B5-A353-42182C154F26}.Release|x64.ActiveCfg = Release|Any CPU
		{3D225297-F100-41B5-A353-42182C154F26}.Release|x64.Build.0 = Release|Any CPU
		{3D225297-F100-41B5-A353-42182C154F26}.Release|x86.ActiveCfg = Release|Any CPU
		{3D225297-F100-41B5-A353-42182C154F26}.Release|x86.Build.0 = Release|Any CPU
		{276C4E71-415C-43D3-9742-A3174A3D6308}.Debug|Any CPU.ActiveCfg = Debug|Any CPU
		{276C4E71-415C-43D3-9742-A3174A3D6308}.Debug|Any CPU.Build.0 = Debug|Any CPU
		{276C4E71-415C-43D3-9742-A3174A3D6308}.Debug|x64.ActiveCfg = Debug|Any CPU
		{276C4E71-415C-43D3-9742-A3174A3D6308}.Debug|x64.Build.0 = Debug|Any CPU
		{276C4E71-415C-43D3-9742-A3174A3D6308}.Debug|x86.ActiveCfg = Debug|Any CPU
		{276C4E71-415C-43D3-9742-A3174A3D6308}.Debug|x86.Build.0 = Debug|Any CPU
		{276C4E71-415C-43D3-9742-A3174A3D6308}.Release|Any CPU.ActiveCfg = Release|Any CPU
		{276C4E71-415C-43D3-9742-A3174A3D6308}.Release|Any CPU.Build.0 = Release|Any CPU
		{276C4E71-415C-43D3-9742-A3174A3D6308}.Release|x64.ActiveCfg = Release|Any CPU
		{276C4E71-415C-43D3-9742-A3174A3D6308}.Release|x64.Build.0 = Release|Any CPU
		{276C4E71-415C-43D3-9742-A3174A3D6308}.Release|x86.ActiveCfg = Release|Any CPU
		{276C4E71-415C-43D3-9742-A3174A3D6308}.Release|x86.Build.0 = Release|Any CPU
		{8A5D1F1A-2B3C-4D5E-6F7A-8B9C0D1E2F3A}.Debug|Any CPU.ActiveCfg = Debug|Any CPU
		{8A5D1F1A-2B3C-4D5E-6F7A-8B9C0D1E2F3A}.Debug|Any CPU.Build.0 = Debug|Any CPU
		{8A5D1F1A-2B3C-4D5E-6F7A-8B9C0D1E2F3A}.Debug|x64.ActiveCfg = Debug|Any CPU
		{8A5D1F1A-2B3C-4D5E-6F7A-8B9C0D1E2F3A}.Debug|x64.Build.0 = Debug|Any CPU
		{8A5D1F1A-2B3C-4D5E-6F7A-8B9C0D1E2F3A}.Debug|x86.ActiveCfg = Debug|Any CPU
		{8A5D1F1A-2B3C-4D5E-6F7A-8B9C0D1E2F3A}.Debug|x86.Build.0 = Debug|Any CPU
		{8A5D1F1A-2B3C-4D5E-6F7A-8B9C0D1E2F3A}.Release|Any CPU.ActiveCfg = Release|Any CPU
		{8A5D1F1A-2B3C-4D5E-6F7A-8B9C0D1E2F3A}.Release|Any CPU.Build.0 = Release|Any CPU
		{8A5D1F1A-2B3C-4D5E-6F7A-8B9C0D1E2F3A}.Release|x64.ActiveCfg = Release|Any CPU
		{8A5D1F1A-2B3C-4D5E-6F7A-8B9C0D1E2F3A}.Release|x64.Build.0 = Release|Any CPU
		{8A5D1F1A-2B3C-4D5E-6F7A-8B9C0D1E2F3A}.Release|x86.ActiveCfg = Release|Any CPU
		{8A5D1F1A-2B3C-4D5E-6F7A-8B9C0D1E2F3A}.Release|x86.Build.0 = Release|Any CPU
		{9B6E2F3A-4C5D-6E7F-8A9B-0C1D2E3F4A5B}.Debug|Any CPU.ActiveCfg = Debug|Any CPU
		{9B6E2F3A-4C5D-6E7F-8A9B-0C1D2E3F4A5B}.Debug|Any CPU.Build.0 = Debug|Any CPU
		{9B6E2F3A-4C5D-6E7F-8A9B-0C1D2E3F4A5B}.Debug|x64.ActiveCfg = Debug|Any CPU
		{9B6E2F3A-4C5D-6E7F-8A9B-0C1D2E3F4A5B}.Debug|x64.Build.0 = Debug|Any CPU
		{9B6E2F3A-4C5D-6E7F-8A9B-0C1D2E3F4A5B}.Debug|x86.ActiveCfg = Debug|Any CPU
		{9B6E2F3A-4C5D-6E7F-8A9B-0C1D2E3F4A5B}.Debug|x86.Build.0 = Debug|Any CPU
		{9B6E2F3A-4C5D-6E7F-8A9B-0C1D2E3F4A5B}.Release|Any CPU.ActiveCfg = Release|Any CPU
		{9B6E2F3A-4C5D-6E7F-8A9B-0C1D2E3F4A5B}.Release|Any CPU.Build.0 = Release|Any CPU
		{9B6E2F3A-4C5D-6E7F-8A9B-0C1D2E3F4A5B}.Release|x64.ActiveCfg = Release|Any CPU
		{9B6E2F3A-4C5D-6E7F-8A9B-0C1D2E3F4A5B}.Release|x64.Build.0 = Release|Any CPU
		{9B6E2F3A-4C5D-6E7F-8A9B-0C1D2E3F4A5B}.Release|x86.ActiveCfg = Release|Any CPU
		{9B6E2F3A-4C5D-6E7F-8A9B-0C1D2E3F4A5B}.Release|x86.Build.0 = Release|Any CPU
		{A1B2C3D4-E5F6-7890-ABCD-EF1234567890}.Debug|Any CPU.ActiveCfg = Debug|Any CPU
		{A1B2C3D4-E5F6-7890-ABCD-EF1234567890}.Debug|Any CPU.Build.0 = Debug|Any CPU
		{A1B2C3D4-E5F6-7890-ABCD-EF1234567890}.Debug|x64.ActiveCfg = Debug|Any CPU
		{A1B2C3D4-E5F6-7890-ABCD-EF1234567890}.Debug|x64.Build.0 = Debug|Any CPU
		{A1B2C3D4-E5F6-7890-ABCD-EF1234567890}.Debug|x86.ActiveCfg = Debug|Any CPU
		{A1B2C3D4-E5F6-7890-ABCD-EF1234567890}.Debug|x86.Build.0 = Debug|Any CPU
		{A1B2C3D4-E5F6-7890-ABCD-EF1234567890}.Release|Any CPU.ActiveCfg = Release|Any CPU
		{A1B2C3D4-E5F6-7890-ABCD-EF1234567890}.Release|Any CPU.Build.0 = Release|Any CPU
		{A1B2C3D4-E5F6-7890-ABCD-EF1234567890}.Release|x64.ActiveCfg = Release|Any CPU
		{A1B2C3D4-E5F6-7890-ABCD-EF1234567890}.Release|x64.Build.0 = Release|Any CPU
		{A1B2C3D4-E5F6-7890-ABCD-EF1234567890}.Release|x86.ActiveCfg = Release|Any CPU
		{A1B2C3D4-E5F6-7890-ABCD-EF1234567890}.Release|x86.Build.0 = Release|Any CPU
	EndGlobalSection
	GlobalSection(SolutionProperties) = preSolution
		HideSolutionNode = FALSE
	EndGlobalSection
	GlobalSection(NestedProjects) = preSolution
		{984BB9B3-3FA3-BE33-9484-CAC21695A33C} = {827E0CD3-B72D-47B6-A68D-7590B98EB39B}
		{2C114196-E099-4FB5-A252-31082B134E16} = {984BB9B3-3FA3-BE33-9484-CAC21695A33C}
		{3D225297-F100-41B5-A353-42182C154F26} = {984BB9B3-3FA3-BE33-9484-CAC21695A33C}
		{276C4E71-415C-43D3-9742-A3174A3D6308} = {984BB9B3-3FA3-BE33-9484-CAC21695A33C}
		{8A5D1F1A-2B3C-4D5E-6F7A-8B9C0D1E2F3A} = {984BB9B3-3FA3-BE33-9484-CAC21695A33C}
		{9B6E2F3A-4C5D-6E7F-8A9B-0C1D2E3F4A5B} = {984BB9B3-3FA3-BE33-9484-CAC21695A33C}
		{A1B2C3D4-E5F6-7890-ABCD-EF1234567890} = {984BB9B3-3FA3-BE33-9484-CAC21695A33C}
	EndGlobalSection
EndGlobal
